
Microsoft Visual Studio Solution File, Format Version 12.00
# Visual Studio Version 17
VisualStudioVersion = 17.8.34511.84
MinimumVisualStudioVersion = 10.0.40219.1
Project("{9A19103F-16F7-4668-BE54-9A1E7A4F7556}") = "eProdaja", "eProdaja\eProdaja.csproj", "{477BF383-4103-48E6-B482-116ACBBC41B0}"
EndProject
Project("{FAE04EC0-301F-11D3-BF4B-00C04F79EFBC}") = "eProdaja.Model", "eProdaja.Model\eProdaja.Model.csproj", "{432A8705-11B7-4E16-A1C3-B0F0B3041880}"
EndProject
Project("{2150E333-8FDC-42A3-9474-1A3956D46DE8}") = "UI", "UI", "{E856D957-0E09-4BA3-A759-B117C1713383}"
EndProject
Project("{FAE04EC0-301F-11D3-BF4B-00C04F79EFBC}") = "eProdaja.WinUI", "eProdaja.WinUI\eProdaja.WinUI.csproj", "{FC880688-3039-4813-9846-F26560E1DC97}"
EndProject
Global
	GlobalSection(SolutionConfigurationPlatforms) = preSolution
		Debug|Any CPU = Debug|Any CPU
		Release|Any CPU = Release|Any CPU
	EndGlobalSection
	GlobalSection(ProjectConfigurationPlatforms) = postSolution
		{477BF383-4103-48E6-B482-116ACBBC41B0}.Debug|Any CPU.ActiveCfg = Debug|Any CPU
		{477BF383-4103-48E6-B482-116ACBBC41B0}.Debug|Any CPU.Build.0 = Debug|Any CPU
		{477BF383-4103-48E6-B482-116ACBBC41B0}.Release|Any CPU.ActiveCfg = Release|Any CPU
		{477BF383-4103-48E6-B482-116ACBBC41B0}.Release|Any CPU.Build.0 = Release|Any CPU
		{432A8705-11B7-4E16-A1C3-B0F0B3041880}.Debug|Any CPU.ActiveCfg = Debug|Any CPU
		{432A8705-11B7-4E16-A1C3-B0F0B3041880}.Debug|Any CPU.Build.0 = Debug|Any CPU
		{432A8705-11B7-4E16-A1C3-B0F0B3041880}.Release|Any CPU.ActiveCfg = Release|Any CPU
		{432A8705-11B7-4E16-A1C3-B0F0B3041880}.Release|Any CPU.Build.0 = Release|Any CPU
		{FC880688-3039-4813-9846-F26560E1DC97}.Debug|Any CPU.ActiveCfg = Debug|Any CPU
		{FC880688-3039-4813-9846-F26560E1DC97}.Debug|Any CPU.Build.0 = Debug|Any CPU
		{FC880688-3039-4813-9846-F26560E1DC97}.Release|Any CPU.ActiveCfg = Release|Any CPU
		{FC880688-3039-4813-9846-F26560E1DC97}.Release|Any CPU.Build.0 = Release|Any CPU
	EndGlobalSection
	GlobalSection(SolutionProperties) = preSolution
		HideSolutionNode = FALSE
	EndGlobalSection
	GlobalSection(NestedProjects) = preSolution
		{FC880688-3039-4813-9846-F26560E1DC97} = {E856D957-0E09-4BA3-A759-B117C1713383}
	EndGlobalSection
	GlobalSection(ExtensibilityGlobals) = postSolution
		SolutionGuid = {8AB5B794-E428-42F4-B08F-98760EB4F99B}
	EndGlobalSection
EndGlobal
